
Microsoft Visual Studio Solution File, Format Version 12.00
# Visual Studio Version 17
VisualStudioVersion = 17.0.31903.59
MinimumVisualStudioVersion = 10.0.40219.1
Project("{FAE04EC0-301F-11D3-BF4B-00C04F79EFBC}") = "Olimpo.Controls", "Olimpo.Controls\Olimpo.Controls.csproj", "{532AB927-030B-45E3-B646-D6F0EBA6BECE}"
EndProject
Project("{FAE04EC0-301F-11D3-BF4B-00C04F79EFBC}") = "Olimpo.Controls.TestBed", "Olimpo.Controls.TestBed\Olimpo.Controls.TestBed.csproj", "{05D9CB6B-34AE-42BC-AA71-F1C9E9F8E7B8}"
EndProject
Global
	GlobalSection(SolutionConfigurationPlatforms) = preSolution
		Debug|Any CPU = Debug|Any CPU
		Release|Any CPU = Release|Any CPU
	EndGlobalSection
	GlobalSection(SolutionProperties) = preSolution
		HideSolutionNode = FALSE
	EndGlobalSection
	GlobalSection(ProjectConfigurationPlatforms) = postSolution
		{532AB927-030B-45E3-B646-D6F0EBA6BECE}.Debug|Any CPU.ActiveCfg = Debug|Any CPU
		{532AB927-030B-45E3-B646-D6F0EBA6BECE}.Debug|Any CPU.Build.0 = Debug|Any CPU
		{532AB927-030B-45E3-B646-D6F0EBA6BECE}.Release|Any CPU.ActiveCfg = Release|Any CPU
		{532AB927-030B-45E3-B646-D6F0EBA6BECE}.Release|Any CPU.Build.0 = Release|Any CPU
		{05D9CB6B-34AE-42BC-AA71-F1C9E9F8E7B8}.Debug|Any CPU.ActiveCfg = Debug|Any CPU
		{05D9CB6B-34AE-42BC-AA71-F1C9E9F8E7B8}.Debug|Any CPU.Build.0 = Debug|Any CPU
		{05D9CB6B-34AE-42BC-AA71-F1C9E9F8E7B8}.Release|Any CPU.ActiveCfg = Release|Any CPU
		{05D9CB6B-34AE-42BC-AA71-F1C9E9F8E7B8}.Release|Any CPU.Build.0 = Release|Any CPU
	EndGlobalSection
EndGlobal
